
Microsoft Visual Studio Solution File, Format Version 12.00
# Visual Studio Version 16
VisualStudioVersion = 16.0.31702.278
MinimumVisualStudioVersion = 10.0.40219.1
Project("{FAE04EC0-301F-11D3-BF4B-00C04F79EFBC}") = "XML example", "XML example.csproj", "{B477B934-21FC-43D5-AD4E-28F88E6C5F98}"
EndProject
Global
	GlobalSection(SolutionConfigurationPlatforms) = preSolution
		Debug|Any CPU = Debug|Any CPU
		Release|Any CPU = Release|Any CPU
	EndGlobalSection
	GlobalSection(ProjectConfigurationPlatforms) = postSolution
		{B477B934-21FC-43D5-AD4E-28F88E6C5F98}.Debug|Any CPU.ActiveCfg = Debug|Any CPU
		{B477B934-21FC-43D5-AD4E-28F88E6C5F98}.Debug|Any CPU.Build.0 = Debug|Any CPU
		{B477B934-21FC-43D5-AD4E-28F88E6C5F98}.Release|Any CPU.ActiveCfg = Release|Any CPU
		{B477B934-21FC-43D5-AD4E-28F88E6C5F98}.Release|Any CPU.Build.0 = Release|Any CPU
	EndGlobalSection
	GlobalSection(SolutionProperties) = preSolution
		HideSolutionNode = FALSE
	EndGlobalSection
	GlobalSection(ExtensibilityGlobals) = postSolution
		SolutionGuid = {97EB3BBB-57D3-4227-BDF6-3FF3B50712A0}
	EndGlobalSection
EndGlobal
